
Microsoft Visual Studio Solution File, Format Version 12.00
# Visual Studio Version 16
VisualStudioVersion = 16.0.30611.23
MinimumVisualStudioVersion = 10.0.40219.1
Project("{FAE04EC0-301F-11D3-BF4B-00C04F79EFBC}") = "ReisedauerMond", "ReisedauerMond.csproj", "{E051200B-4E3D-49B5-A0DD-1D6D872561F2}"
EndProject
Global
	GlobalSection(SolutionConfigurationPlatforms) = preSolution
		Debug|Any CPU = Debug|Any CPU
		Release|Any CPU = Release|Any CPU
	EndGlobalSection
	GlobalSection(ProjectConfigurationPlatforms) = postSolution
		{E051200B-4E3D-49B5-A0DD-1D6D872561F2}.Debug|Any CPU.ActiveCfg = Debug|Any CPU
		{E051200B-4E3D-49B5-A0DD-1D6D872561F2}.Debug|Any CPU.Build.0 = Debug|Any CPU
		{E051200B-4E3D-49B5-A0DD-1D6D872561F2}.Release|Any CPU.ActiveCfg = Release|Any CPU
		{E051200B-4E3D-49B5-A0DD-1D6D872561F2}.Release|Any CPU.Build.0 = Release|Any CPU
	EndGlobalSection
	GlobalSection(SolutionProperties) = preSolution
		HideSolutionNode = FALSE
	EndGlobalSection
	GlobalSection(ExtensibilityGlobals) = postSolution
		SolutionGuid = {A875F49A-C22B-400C-99DD-AB0964A49BF4}
	EndGlobalSection
EndGlobal
